// !$*UTF8*$!
{
	archiveVersion = 1;
	classes = {
	};
	objectVersion = 60;
	objects = {

/* Begin PBXBuildFile section */
		17635C282B0AE18E00CDD154 /* RealityKitContent in Frameworks */ = {isa = PBXBuildFile; productRef = 17635C272B0AE18E00CDD154 /* RealityKitContent */; };
		17635C2A2B0AE18E00CDD154 /* VideoPlaybackApp.swift in Sources */ = {isa = PBXBuildFile; fileRef = 17635C292B0AE18E00CDD154 /* VideoPlaybackApp.swift */; };
		17635C2C2B0AE18E00CDD154 /* ContentView.swift in Sources */ = {isa = PBXBuildFile; fileRef = 17635C2B2B0AE18E00CDD154 /* ContentView.swift */; };
		17635C2E2B0AE18E00CDD154 /* ImmersiveView.swift in Sources */ = {isa = PBXBuildFile; fileRef = 17635C2D2B0AE18E00CDD154 /* ImmersiveView.swift */; };
		17635C302B0AE18E00CDD154 /* ImageBasedLighting.skybox in Resources */ = {isa = PBXBuildFile; fileRef = 17635C2F2B0AE18E00CDD154 /* ImageBasedLighting.skybox */; };
		17635C322B0AE18F00CDD154 /* Assets.xcassets in Resources */ = {isa = PBXBuildFile; fileRef = 17635C312B0AE18F00CDD154 /* Assets.xcassets */; };
		17635C352B0AE18F00CDD154 /* Preview Assets.xcassets in Resources */ = {isa = PBXBuildFile; fileRef = 17635C342B0AE18F00CDD154 /* Preview Assets.xcassets */; };
		17635C402B0AEE4200CDD154 /* WorldAssets in Frameworks */ = {isa = PBXBuildFile; productRef = 17635C3F2B0AEE4200CDD154 /* WorldAssets */; };
		17635C432B0AEE8C00CDD154 /* WorldAssets in Frameworks */ = {isa = PBXBuildFile; productRef = 17635C422B0AEE8C00CDD154 /* WorldAssets */; };
		17635C462B0AEF3600CDD154 /* WorldAssets in Frameworks */ = {isa = PBXBuildFile; productRef = 17635C452B0AEF3600CDD154 /* WorldAssets */; };
		17635C4B2B0AEFBA00CDD154 /* WorldAssets in Frameworks */ = {isa = PBXBuildFile; productRef = 17635C4A2B0AEFBA00CDD154 /* WorldAssets */; };
		17635C4D2B0AFAFD00CDD154 /* 1.mp4 in Resources */ = {isa = PBXBuildFile; fileRef = 17635C4C2B0AFAFD00CDD154 /* 1.mp4 */; };
/* End PBXBuildFile section */

/* Begin PBXFileReference section */
		17635C222B0AE18E00CDD154 /* VideoPlayback.app */ = {isa = PBXFileReference; explicitFileType = wrapper.application; includeInIndex = 0; path = VideoPlayback.app; sourceTree = BUILT_PRODUCTS_DIR; };
		17635C262B0AE18E00CDD154 /* RealityKitContent */ = {isa = PBXFileReference; lastKnownFileType = wrapper; path = RealityKitContent; sourceTree = "<group>"; };
		17635C292B0AE18E00CDD154 /* VideoPlaybackApp.swift */ = {isa = PBXFileReference; lastKnownFileType = sourcecode.swift; path = VideoPlaybackApp.swift; sourceTree = "<group>"; };
		17635C2B2B0AE18E00CDD154 /* ContentView.swift */ = {isa = PBXFileReference; lastKnownFileType = sourcecode.swift; path = ContentView.swift; sourceTree = "<group>"; };
		17635C2D2B0AE18E00CDD154 /* ImmersiveView.swift */ = {isa = PBXFileReference; lastKnownFileType = sourcecode.swift; path = ImmersiveView.swift; sourceTree = "<group>"; };
		17635C2F2B0AE18E00CDD154 /* ImageBasedLighting.skybox */ = {isa = PBXFileReference; lastKnownFileType = file.skybox; path = ImageBasedLighting.skybox; sourceTree = "<group>"; };
		17635C312B0AE18F00CDD154 /* Assets.xcassets */ = {isa = PBXFileReference; lastKnownFileType = folder.assetcatalog; path = Assets.xcassets; sourceTree = "<group>"; };
		17635C342B0AE18F00CDD154 /* Preview Assets.xcassets */ = {isa = PBXFileReference; lastKnownFileType = folder.assetcatalog; path = "Preview Assets.xcassets"; sourceTree = "<group>"; };
		17635C362B0AE18F00CDD154 /* Info.plist */ = {isa = PBXFileReference; lastKnownFileType = text.plist.xml; path = Info.plist; sourceTree = "<group>"; };
		17635C4C2B0AFAFD00CDD154 /* 1.mp4 */ = {isa = PBXFileReference; lastKnownFileType = file; path = 1.mp4; sourceTree = "<group>"; };
/* End PBXFileReference section */

/* Begin PBXFrameworksBuildPhase section */
		17635C1F2B0AE18E00CDD154 /* Frameworks */ = {
			isa = PBXFrameworksBuildPhase;
			buildActionMask = 2147483647;
			files = (
				17635C432B0AEE8C00CDD154 /* WorldAssets in Frameworks */,
				17635C402B0AEE4200CDD154 /* WorldAssets in Frameworks */,
				17635C4B2B0AEFBA00CDD154 /* WorldAssets in Frameworks */,
				17635C462B0AEF3600CDD154 /* WorldAssets in Frameworks */,
				17635C282B0AE18E00CDD154 /* RealityKitContent in Frameworks */,
			);
			runOnlyForDeploymentPostprocessing = 0;
		};
/* End PBXFrameworksBuildPhase section */

/* Begin PBXGroup section */
		17635C192B0AE18E00CDD154 = {
			isa = PBXGroup;
			children = (
				17635C242B0AE18E00CDD154 /* VideoPlayback */,
				17635C252B0AE18E00CDD154 /* Packages */,
				17635C232B0AE18E00CDD154 /* Products */,
			);
			sourceTree = "<group>";
		};
		17635C232B0AE18E00CDD154 /* Products */ = {
			isa = PBXGroup;
			children = (
				17635C222B0AE18E00CDD154 /* VideoPlayback.app */,
			);
			name = Products;
			sourceTree = "<group>";
		};
		17635C242B0AE18E00CDD154 /* VideoPlayback */ = {
			isa = PBXGroup;
			children = (
				17635C4C2B0AFAFD00CDD154 /* 1.mp4 */,
				17635C292B0AE18E00CDD154 /* VideoPlaybackApp.swift */,
				17635C2B2B0AE18E00CDD154 /* ContentView.swift */,
				17635C2D2B0AE18E00CDD154 /* ImmersiveView.swift */,
				17635C2F2B0AE18E00CDD154 /* ImageBasedLighting.skybox */,
				17635C312B0AE18F00CDD154 /* Assets.xcassets */,
				17635C362B0AE18F00CDD154 /* Info.plist */,
				17635C332B0AE18F00CDD154 /* Preview Content */,
			);
			path = VideoPlayback;
			sourceTree = "<group>";
		};
		17635C252B0AE18E00CDD154 /* Packages */ = {
			isa = PBXGroup;
			children = (
				17635C262B0AE18E00CDD154 /* RealityKitContent */,
			);
			path = Packages;
			sourceTree = "<group>";
		};
		17635C332B0AE18F00CDD154 /* Preview Content */ = {
			isa = PBXGroup;
			children = (
				17635C342B0AE18F00CDD154 /* Preview Assets.xcassets */,
			);
			path = "Preview Content";
			sourceTree = "<group>";
		};
/* End PBXGroup section */

/* Begin PBXNativeTarget section */
		17635C212B0AE18E00CDD154 /* VideoPlayback */ = {
			isa = PBXNativeTarget;
			buildConfigurationList = 17635C392B0AE18F00CDD154 /* Build configuration list for PBXNativeTarget "VideoPlayback" */;
			buildPhases = (
				17635C1E2B0AE18E00CDD154 /* Sources */,
				17635C1F2B0AE18E00CDD154 /* Frameworks */,
				17635C202B0AE18E00CDD154 /* Resources */,
			);
			buildRules = (
			);
			dependencies = (
			);
			name = VideoPlayback;
			packageProductDependencies = (
				17635C272B0AE18E00CDD154 /* RealityKitContent */,
				17635C3F2B0AEE4200CDD154 /* WorldAssets */,
				17635C422B0AEE8C00CDD154 /* WorldAssets */,
				17635C452B0AEF3600CDD154 /* WorldAssets */,
				17635C4A2B0AEFBA00CDD154 /* WorldAssets */,
			);
			productName = VideoPlayback;
			productReference = 17635C222B0AE18E00CDD154 /* VideoPlayback.app */;
			productType = "com.apple.product-type.application";
		};
/* End PBXNativeTarget section */

/* Begin PBXProject section */
		17635C1A2B0AE18E00CDD154 /* Project object */ = {
			isa = PBXProject;
			attributes = {
				BuildIndependentTargetsInParallel = 1;
				LastSwiftUpdateCheck = 1510;
				LastUpgradeCheck = 1510;
				TargetAttributes = {
					17635C212B0AE18E00CDD154 = {
						CreatedOnToolsVersion = 15.1;
					};
				};
			};
			buildConfigurationList = 17635C1D2B0AE18E00CDD154 /* Build configuration list for PBXProject "VideoPlayback" */;
			compatibilityVersion = "Xcode 14.0";
			developmentRegion = en;
			hasScannedForEncodings = 0;
			knownRegions = (
				en,
				Base,
			);
			mainGroup = 17635C192B0AE18E00CDD154;
			packageReferences = (
				17635C492B0AEFBA00CDD154 /* XCLocalSwiftPackageReference "Packages/WorldAssets" */,
			);
			productRefGroup = 17635C232B0AE18E00CDD154 /* Products */;
			projectDirPath = "";
			projectRoot = "";
			targets = (
				17635C212B0AE18E00CDD154 /* VideoPlayback */,
			);
		};
/* End PBXProject section */

/* Begin PBXResourcesBuildPhase section */
		17635C202B0AE18E00CDD154 /* Resources */ = {
			isa = PBXResourcesBuildPhase;
			buildActionMask = 2147483647;
			files = (
				17635C322B0AE18F00CDD154 /* Assets.xcassets in Resources */,
				17635C4D2B0AFAFD00CDD154 /* 1.mp4 in Resources */,
				17635C352B0AE18F00CDD154 /* Preview Assets.xcassets in Resources */,
				17635C302B0AE18E00CDD154 /* ImageBasedLighting.skybox in Resources */,
			);
			runOnlyForDeploymentPostprocessing = 0;
		};
/* End PBXResourcesBuildPhase section */

/* Begin PBXSourcesBuildPhase section */
		17635C1E2B0AE18E00CDD154 /* Sources */ = {
			isa = PBXSourcesBuildPhase;
			buildActionMask = 2147483647;
			files = (
				17635C2C2B0AE18E00CDD154 /* ContentView.swift in Sources */,
				17635C2A2B0AE18E00CDD154 /* VideoPlaybackApp.swift in Sources */,
				17635C2E2B0AE18E00CDD154 /* ImmersiveView.swift in Sources */,
			);
			runOnlyForDeploymentPostprocessing = 0;
		};
/* End PBXSourcesBuildPhase section */

/* Begin XCBuildConfiguration section */
		17635C372B0AE18F00CDD154 /* Debug */ = {
			isa = XCBuildConfiguration;
			buildSettings = {
				ALWAYS_SEARCH_USER_PATHS = NO;
				ASSETCATALOG_COMPILER_GENERATE_SWIFT_ASSET_SYMBOL_EXTENSIONS = YES;
				CLANG_ANALYZER_NONNULL = YES;
				CLANG_ANALYZER_NUMBER_OBJECT_CONVERSION = YES_AGGRESSIVE;
				CLANG_CXX_LANGUAGE_STANDARD = "gnu++20";
				CLANG_ENABLE_MODULES = YES;
				CLANG_ENABLE_OBJC_ARC = YES;
				CLANG_ENABLE_OBJC_WEAK = YES;
				CLANG_WARN_BLOCK_CAPTURE_AUTORELEASING = YES;
				CLANG_WARN_BOOL_CONVERSION = YES;
				CLANG_WARN_COMMA = YES;
				CLANG_WARN_CONSTANT_CONVERSION = YES;
				CLANG_WARN_DEPRECATED_OBJC_IMPLEMENTATIONS = YES;
				CLANG_WARN_DIRECT_OBJC_ISA_USAGE = YES_ERROR;
				CLANG_WARN_DOCUMENTATION_COMMENTS = YES;
				CLANG_WARN_EMPTY_BODY = YES;
				CLANG_WARN_ENUM_CONVERSION = YES;
				CLANG_WARN_INFINITE_RECURSION = YES;
				CLANG_WARN_INT_CONVERSION = YES;
				CLANG_WARN_NON_LITERAL_NULL_CONVERSION = YES;
				CLANG_WARN_OBJC_IMPLICIT_RETAIN_SELF = YES;
				CLANG_WARN_OBJC_LITERAL_CONVERSION = YES;
				CLANG_WARN_OBJC_ROOT_CLASS = YES_ERROR;
				CLANG_WARN_QUOTED_INCLUDE_IN_FRAMEWORK_HEADER = YES;
				CLANG_WARN_RANGE_LOOP_ANALYSIS = YES;
				CLANG_WARN_STRICT_PROTOTYPES = YES;
				CLANG_WARN_SUSPICIOUS_MOVE = YES;
				CLANG_WARN_UNGUARDED_AVAILABILITY = YES_AGGRESSIVE;
				CLANG_WARN_UNREACHABLE_CODE = YES;
				CLANG_WARN__DUPLICATE_METHOD_MATCH = YES;
				COPY_PHASE_STRIP = NO;
				DEBUG_INFORMATION_FORMAT = dwarf;
				ENABLE_STRICT_OBJC_MSGSEND = YES;
				ENABLE_TESTABILITY = YES;
				ENABLE_USER_SCRIPT_SANDBOXING = YES;
				GCC_C_LANGUAGE_STANDARD = gnu17;
				GCC_DYNAMIC_NO_PIC = NO;
				GCC_NO_COMMON_BLOCKS = YES;
				GCC_OPTIMIZATION_LEVEL = 0;
				GCC_PREPROCESSOR_DEFINITIONS = (
					"DEBUG=1",
					"$(inherited)",
				);
				GCC_WARN_64_TO_32_BIT_CONVERSION = YES;
				GCC_WARN_ABOUT_RETURN_TYPE = YES_ERROR;
				GCC_WARN_UNDECLARED_SELECTOR = YES;
				GCC_WARN_UNINITIALIZED_AUTOS = YES_AGGRESSIVE;
				GCC_WARN_UNUSED_FUNCTION = YES;
				GCC_WARN_UNUSED_VARIABLE = YES;
				LOCALIZATION_PREFERS_STRING_CATALOGS = YES;
				MTL_ENABLE_DEBUG_INFO = INCLUDE_SOURCE;
				MTL_FAST_MATH = YES;
				ONLY_ACTIVE_ARCH = YES;
				SDKROOT = xros;
				SWIFT_ACTIVE_COMPILATION_CONDITIONS = "DEBUG $(inherited)";
				SWIFT_OPTIMIZATION_LEVEL = "-Onone";
				XROS_DEPLOYMENT_TARGET = 1.0;
			};
			name = Debug;
		};
		17635C382B0AE18F00CDD154 /* Release */ = {
			isa = XCBuildConfiguration;
			buildSettings = {
				ALWAYS_SEARCH_USER_PATHS = NO;
				ASSETCATALOG_COMPILER_GENERATE_SWIFT_ASSET_SYMBOL_EXTENSIONS = YES;
				CLANG_ANALYZER_NONNULL = YES;
				CLANG_ANALYZER_NUMBER_OBJECT_CONVERSION = YES_AGGRESSIVE;
				CLANG_CXX_LANGUAGE_STANDARD = "gnu++20";
				CLANG_ENABLE_MODULES = YES;
				CLANG_ENABLE_OBJC_ARC = YES;
				CLANG_ENABLE_OBJC_WEAK = YES;
				CLANG_WARN_BLOCK_CAPTURE_AUTORELEASING = YES;
				CLANG_WARN_BOOL_CONVERSION = YES;
				CLANG_WARN_COMMA = YES;
				CLANG_WARN_CONSTANT_CONVERSION = YES;
				CLANG_WARN_DEPRECATED_OBJC_IMPLEMENTATIONS = YES;
				CLANG_WARN_DIRECT_OBJC_ISA_USAGE = YES_ERROR;
				CLANG_WARN_DOCUMENTATION_COMMENTS = YES;
				CLANG_WARN_EMPTY_BODY = YES;
				CLANG_WARN_ENUM_CONVERSION = YES;
				CLANG_WARN_INFINITE_RECURSION = YES;
				CLANG_WARN_INT_CONVERSION = YES;
				CLANG_WARN_NON_LITERAL_NULL_CONVERSION = YES;
				CLANG_WARN_OBJC_IMPLICIT_RETAIN_SELF = YES;
				CLANG_WARN_OBJC_LITERAL_CONVERSION = YES;
				CLANG_WARN_OBJC_ROOT_CLASS = YES_ERROR;
				CLANG_WARN_QUOTED_INCLUDE_IN_FRAMEWORK_HEADER = YES;
				CLANG_WARN_RANGE_LOOP_ANALYSIS = YES;
				CLANG_WARN_STRICT_PROTOTYPES = YES;
				CLANG_WARN_SUSPICIOUS_MOVE = YES;
				CLANG_WARN_UNGUARDED_AVAILABILITY = YES_AGGRESSIVE;
				CLANG_WARN_UNREACHABLE_CODE = YES;
				CLANG_WARN__DUPLICATE_METHOD_MATCH = YES;
				COPY_PHASE_STRIP = NO;
				DEBUG_INFORMATION_FORMAT = "dwarf-with-dsym";
				ENABLE_NS_ASSERTIONS = NO;
				ENABLE_STRICT_OBJC_MSGSEND = YES;
				ENABLE_USER_SCRIPT_SANDBOXING = YES;
				GCC_C_LANGUAGE_STANDARD = gnu17;
				GCC_NO_COMMON_BLOCKS = YES;
				GCC_WARN_64_TO_32_BIT_CONVERSION = YES;
				GCC_WARN_ABOUT_RETURN_TYPE = YES_ERROR;
				GCC_WARN_UNDECLARED_SELECTOR = YES;
				GCC_WARN_UNINITIALIZED_AUTOS = YES_AGGRESSIVE;
				GCC_WARN_UNUSED_FUNCTION = YES;
				GCC_WARN_UNUSED_VARIABLE = YES;
				LOCALIZATION_PREFERS_STRING_CATALOGS = YES;
				MTL_ENABLE_DEBUG_INFO = NO;
				MTL_FAST_MATH = YES;
				SDKROOT = xros;
				SWIFT_COMPILATION_MODE = wholemodule;
				VALIDATE_PRODUCT = YES;
				XROS_DEPLOYMENT_TARGET = 1.0;
			};
			name = Release;
		};
		17635C3A2B0AE18F00CDD154 /* Debug */ = {
			isa = XCBuildConfiguration;
			buildSettings = {
				ASSETCATALOG_COMPILER_APPICON_NAME = AppIcon;
				ASSETCATALOG_COMPILER_GLOBAL_ACCENT_COLOR_NAME = AccentColor;
				CODE_SIGN_STYLE = Automatic;
				CURRENT_PROJECT_VERSION = 1;
				DEVELOPMENT_ASSET_PATHS = "\"VideoPlayback/Preview Content\"";
				ENABLE_PREVIEWS = YES;
				GENERATE_INFOPLIST_FILE = YES;
				INFOPLIST_FILE = "$(TARGET_NAME)/Info.plist";
				LD_RUNPATH_SEARCH_PATHS = (
					"$(inherited)",
					"@executable_path/Frameworks",
				);
				MARKETING_VERSION = 1.0;
				PRODUCT_BUNDLE_IDENTIFIER = com.example.VideoPlayback;
				PRODUCT_NAME = "$(TARGET_NAME)";
				SUPPORTED_PLATFORMS = "xros xrsimulator";
				SWIFT_EMIT_LOC_STRINGS = YES;
				SWIFT_VERSION = 5.0;
				TARGETED_DEVICE_FAMILY = "1,2,7";
			};
			name = Debug;
		};
		17635C3B2B0AE18F00CDD154 /* Release */ = {
			isa = XCBuildConfiguration;
			buildSettings = {
				ASSETCATALOG_COMPILER_APPICON_NAME = AppIcon;
				ASSETCATALOG_COMPILER_GLOBAL_ACCENT_COLOR_NAME = AccentColor;
				CODE_SIGN_STYLE = Automatic;
				CURRENT_PROJECT_VERSION = 1;
				DEVELOPMENT_ASSET_PATHS = "\"VideoPlayback/Preview Content\"";
				ENABLE_PREVIEWS = YES;
				GENERATE_INFOPLIST_FILE = YES;
				INFOPLIST_FILE = "$(TARGET_NAME)/Info.plist";
				LD_RUNPATH_SEARCH_PATHS = (
					"$(inherited)",
					"@executable_path/Frameworks",
				);
				MARKETING_VERSION = 1.0;
				PRODUCT_BUNDLE_IDENTIFIER = com.example.VideoPlayback;
				PRODUCT_NAME = "$(TARGET_NAME)";
				SUPPORTED_PLATFORMS = "xros xrsimulator";
				SWIFT_EMIT_LOC_STRINGS = YES;
				SWIFT_VERSION = 5.0;
				TARGETED_DEVICE_FAMILY = "1,2,7";
			};
			name = Release;
		};
/* End XCBuildConfiguration section */

/* Begin XCConfigurationList section */
		17635C1D2B0AE18E00CDD154 /* Build configuration list for PBXProject "VideoPlayback" */ = {
			isa = XCConfigurationList;
			buildConfigurations = (
				17635C372B0AE18F00CDD154 /* Debug */,
				17635C382B0AE18F00CDD154 /* Release */,
			);
			defaultConfigurationIsVisible = 0;
			defaultConfigurationName = Release;
		};
		17635C392B0AE18F00CDD154 /* Build configuration list for PBXNativeTarget "VideoPlayback" */ = {
			isa = XCConfigurationList;
			buildConfigurations = (
				17635C3A2B0AE18F00CDD154 /* Debug */,
				17635C3B2B0AE18F00CDD154 /* Release */,
			);
			defaultConfigurationIsVisible = 0;
			defaultConfigurationName = Release;
		};
/* End XCConfigurationList section */

/* Begin XCLocalSwiftPackageReference section */
		17635C492B0AEFBA00CDD154 /* XCLocalSwiftPackageReference "Packages/WorldAssets" */ = {
			isa = XCLocalSwiftPackageReference;
			relativePath = Packages/WorldAssets;
		};
/* End XCLocalSwiftPackageReference section */

/* Begin XCSwiftPackageProductDependency section */
		17635C272B0AE18E00CDD154 /* RealityKitContent */ = {
			isa = XCSwiftPackageProductDependency;
			productName = RealityKitContent;
		};
		17635C3F2B0AEE4200CDD154 /* WorldAssets */ = {
			isa = XCSwiftPackageProductDependency;
			productName = WorldAssets;
		};
		17635C422B0AEE8C00CDD154 /* WorldAssets */ = {
			isa = XCSwiftPackageProductDependency;
			productName = WorldAssets;
		};
		17635C452B0AEF3600CDD154 /* WorldAssets */ = {
			isa = XCSwiftPackageProductDependency;
			productName = WorldAssets;
		};
		17635C4A2B0AEFBA00CDD154 /* WorldAssets */ = {
			isa = XCSwiftPackageProductDependency;
			productName = WorldAssets;
		};
/* End XCSwiftPackageProductDependency section */
	};
	rootObject = 17635C1A2B0AE18E00CDD154 /* Project object */;
}
